<?xml version="1.0" encoding="utf-8"?>
<Project ToolsVersion="4.0" xmlns="http://schemas.microsoft.com/developer/msbuild/2003">
  <ItemGroup>
    <Filter Include="소스 파일">
      <UniqueIdentifier>{4FC737F1-C7A5-4376-A066-2A32D752A2FF}</UniqueIdentifier>
      <Extensions>cpp;c;cc;cxx;c++;cppm;ixx;def;odl;idl;hpj;bat;asm;asmx</Extensions>
    </Filter>
    <Filter Include="헤더 파일">
      <UniqueIdentifier>{93995380-89BD-4b04-88EB-625FBE52EBFB}</UniqueIdentifier>
      <Extensions>h;hh;hpp;hxx;h++;hm;inl;inc;ipp;xsd</Extensions>
    </Filter>
    <Filter Include="리소스 파일">
      <UniqueIdentifier>{67DA6AB6-F800-4c08-8B7A-83BB121AAD01}</UniqueIdentifier>
      <Extensions>rc;ico;cur;bmp;dlg;rc2;rct;bin;rgs;gif;jpg;jpeg;jpe;resx;tiff;tif;png;wav;mfcribbon-ms</Extensions>
    </Filter>
    <Filter Include="소스 파일\1100">
      <UniqueIdentifier>{2ab84dc6-0cc3-4d2a-a133-b63373b12346}</UniqueIdentifier>
    </Filter>
    <Filter Include="소스 파일\1100\100">
      <UniqueIdentifier>{24fab424-cb07-43cd-941e-77413041a459}</UniqueIdentifier>
    </Filter>
    <Filter Include="소스 파일\1100\110">
      <UniqueIdentifier>{d550de33-aa78-42dd-b566-c3187a5814df}</UniqueIdentifier>
    </Filter>
    <Filter Include="소스 파일\1100\120">
      <UniqueIdentifier>{4e91c0f9-4001-42af-8b78-8b06a8dcf3bb}</UniqueIdentifier>
    </Filter>
    <Filter Include="소스 파일\1100\130">
      <UniqueIdentifier>{d2debccd-4532-4b3a-bce0-47b776c792e2}</UniqueIdentifier>
    </Filter>
    <Filter Include="소스 파일\1100\140">
      <UniqueIdentifier>{82d61191-2f32-4224-a742-06973e087e62}</UniqueIdentifier>
    </Filter>
    <Filter Include="소스 파일\1100\150">
      <UniqueIdentifier>{d38edc70-2a25-44d5-b703-33db69b4611c}</UniqueIdentifier>
    </Filter>
    <Filter Include="소스 파일\1100\160">
      <UniqueIdentifier>{433268a9-2fee-45e8-a93c-3b2684db8c31}</UniqueIdentifier>
    </Filter>
    <Filter Include="소스 파일\1100\170">
      <UniqueIdentifier>{790fa313-13b4-478d-8f22-ed1c863147f0}</UniqueIdentifier>
    </Filter>
    <Filter Include="소스 파일\1100\180">
      <UniqueIdentifier>{997746ee-e6a0-4fb1-a11f-f76639dab7e3}</UniqueIdentifier>
    </Filter>
    <Filter Include="소스 파일\1000">
      <UniqueIdentifier>{716c9c8b-c6f1-4a10-992a-18ec56ff4be9}</UniqueIdentifier>
    </Filter>
    <Filter Include="소스 파일\1000\1.basic_output">
      <UniqueIdentifier>{caba257b-d030-4a15-94cb-c449a330b01a}</UniqueIdentifier>
    </Filter>
    <Filter Include="소스 파일\1000\2.basic_input_output">
      <UniqueIdentifier>{2e316671-0fc5-4ce4-9f29-a6d79b92e404}</UniqueIdentifier>
    </Filter>
    <Filter Include="소스 파일\1000\3.basic_data_type">
      <UniqueIdentifier>{8558119e-a47e-480d-a440-d024904103c2}</UniqueIdentifier>
    </Filter>
    <Filter Include="소스 파일\1000\4.basic_output_conversion">
      <UniqueIdentifier>{26d6aca5-272e-4012-896b-088f5e94d65a}</UniqueIdentifier>
    </Filter>
    <Filter Include="소스 파일\1000\5.basic_arithmetic_operations">
      <UniqueIdentifier>{c08bf53e-d6a1-4e2b-b838-847e822020c4}</UniqueIdentifier>
    </Filter>
    <Filter Include="소스 파일\1000\6.basic_bit_shift_operation">
      <UniqueIdentifier>{7a59cd2a-ad88-4404-ba36-6d417d5b6f25}</UniqueIdentifier>
    </Filter>
    <Filter Include="소스 파일\1000\7.basic_comparison_operation">
      <UniqueIdentifier>{a2a654eb-a89c-4b6b-a255-bdd8f0d0b3da}</UniqueIdentifier>
    </Filter>
    <Filter Include="소스 파일\1000\8.basic_logical_operation">
      <UniqueIdentifier>{bc9e4c10-a2c1-4c19-9c98-5a52ca2f839a}</UniqueIdentifier>
    </Filter>
    <Filter Include="소스 파일\1000\9.basic_logical_operation_in_bit_units">
      <UniqueIdentifier>{102f59bf-c99d-45dc-984c-c58cab967d7c}</UniqueIdentifier>
    </Filter>
    <Filter Include="소스 파일\1000\10.basic_ternary_operation">
      <UniqueIdentifier>{e77cd7d8-1e58-4e7c-94e4-6f264d986cc8}</UniqueIdentifier>
    </Filter>
    <Filter Include="소스 파일\1000\11.basic_condition_selection_execution_structure">
      <UniqueIdentifier>{5dd1161c-4c5e-456b-9dbc-9d0cca229376}</UniqueIdentifier>
    </Filter>
    <Filter Include="소스 파일\1000\12.basic_repeat_execution_structure">
      <UniqueIdentifier>{0dddf1ad-327d-48e3-9337-03fa9d24528d}</UniqueIdentifier>
    </Filter>
    <Filter Include="소스 파일\1000\13.basic_synthesis">
      <UniqueIdentifier>{85ae2c2c-ea39-4648-a645-99dcc04122ba}</UniqueIdentifier>
    </Filter>
    <Filter Include="소스 파일\1000\14.basic_one-dimensional_array">
      <UniqueIdentifier>{4c987c0f-1726-4755-bdfd-79e98dc4d958}</UniqueIdentifier>
    </Filter>
    <Filter Include="소스 파일\1000\15.basic_two-dimensional_array">
      <UniqueIdentifier>{de5f20f2-58f1-449e-819f-4497f68f4800}</UniqueIdentifier>
    </Filter>
    <Filter Include="소스 파일\1200">
      <UniqueIdentifier>{7c90ca17-f38e-450b-952a-d6eb6d5b8c7a}</UniqueIdentifier>
    </Filter>
    <Filter Include="소스 파일\1200\200">
      <UniqueIdentifier>{1e45f9a7-683c-4d15-bc6e-46979e20a7cf}</UniqueIdentifier>
    </Filter>
  </ItemGroup>
  <ItemGroup>
    <ClCompile Include="test10.c">
      <Filter>소스 파일\1000\2.basic_input_output</Filter>
    </ClCompile>
    <ClCompile Include="test11.c">
      <Filter>소스 파일\1000\2.basic_input_output</Filter>
    </ClCompile>
    <ClCompile Include="test12.c">
      <Filter>소스 파일\1000\2.basic_input_output</Filter>
    </ClCompile>
    <ClCompile Include="test13.c">
      <Filter>소스 파일\1000\2.basic_input_output</Filter>
    </ClCompile>
    <ClCompile Include="test14.c">
      <Filter>소스 파일\1000\2.basic_input_output</Filter>
    </ClCompile>
    <ClCompile Include="test15.c">
      <Filter>소스 파일\1000\2.basic_input_output</Filter>
    </ClCompile>
    <ClCompile Include="test17.c">
      <Filter>소스 파일\1000\2.basic_input_output</Filter>
    </ClCompile>
    <ClCompile Include="test18.c">
      <Filter>소스 파일\1000\2.basic_input_output</Filter>
    </ClCompile>
    <ClCompile Include="test19.c">
      <Filter>소스 파일\1000\2.basic_input_output</Filter>
    </ClCompile>
    <ClCompile Include="test20.c">
      <Filter>소스 파일\1000\2.basic_input_output</Filter>
    </ClCompile>
    <ClCompile Include="test21.c">
      <Filter>소스 파일\1000\2.basic_input_output</Filter>
    </ClCompile>
    <ClCompile Include="test22.c">
      <Filter>소스 파일\1000\2.basic_input_output</Filter>
    </ClCompile>
    <ClCompile Include="test23.c">
      <Filter>소스 파일\1000\2.basic_input_output</Filter>
    </ClCompile>
    <ClCompile Include="test24.c">
      <Filter>소스 파일\1000\2.basic_input_output</Filter>
    </ClCompile>
    <ClCompile Include="test25.c">
      <Filter>소스 파일\1000\2.basic_input_output</Filter>
    </ClCompile>
    <ClCompile Include="test26.c">
      <Filter>소스 파일\1000\2.basic_input_output</Filter>
    </ClCompile>
    <ClCompile Include="test27.c">
      <Filter>소스 파일\1000\2.basic_input_output</Filter>
    </ClCompile>
    <ClCompile Include="test28.c">
      <Filter>소스 파일\1000\3.basic_data_type</Filter>
    </ClCompile>
    <ClCompile Include="test29.c">
      <Filter>소스 파일\1000\3.basic_data_type</Filter>
    </ClCompile>
    <ClCompile Include="test30.c">
      <Filter>소스 파일\1000\3.basic_data_type</Filter>
    </ClCompile>
    <ClCompile Include="test32.c">
      <Filter>소스 파일\1000\4.basic_output_conversion</Filter>
    </ClCompile>
    <ClCompile Include="test33.c">
      <Filter>소스 파일\1000\4.basic_output_conversion</Filter>
    </ClCompile>
    <ClCompile Include="test34.c">
      <Filter>소스 파일\1000\4.basic_output_conversion</Filter>
    </ClCompile>
    <ClCompile Include="test35.c">
      <Filter>소스 파일\1000\4.basic_output_conversion</Filter>
    </ClCompile>
    <ClCompile Include="test36.c">
      <Filter>소스 파일\1000\4.basic_output_conversion</Filter>
    </ClCompile>
    <ClCompile Include="test37.c">
      <Filter>소스 파일\1000\4.basic_output_conversion</Filter>
    </ClCompile>
    <ClCompile Include="test31.c">
      <Filter>소스 파일\1000\4.basic_output_conversion</Filter>
    </ClCompile>
    <ClCompile Include="test38.c">
      <Filter>소스 파일\1000\5.basic_arithmetic_operations</Filter>
    </ClCompile>
    <ClCompile Include="test39.c">
      <Filter>소스 파일\1000\5.basic_arithmetic_operations</Filter>
    </ClCompile>
    <ClCompile Include="test40.c">
      <Filter>소스 파일\1000\5.basic_arithmetic_operations</Filter>
    </ClCompile>
    <ClCompile Include="test41.c">
      <Filter>소스 파일\1000\5.basic_arithmetic_operations</Filter>
    </ClCompile>
    <ClCompile Include="test42.c">
      <Filter>소스 파일\1000\5.basic_arithmetic_operations</Filter>
    </ClCompile>
    <ClCompile Include="test43.c">
      <Filter>소스 파일\1000\5.basic_arithmetic_operations</Filter>
    </ClCompile>
    <ClCompile Include="test44.c">
      <Filter>소스 파일\1000\5.basic_arithmetic_operations</Filter>
    </ClCompile>
    <ClCompile Include="test45.c">
      <Filter>소스 파일\1000\5.basic_arithmetic_operations</Filter>
    </ClCompile>
    <ClCompile Include="test46.c">
      <Filter>소스 파일\1000\5.basic_arithmetic_operations</Filter>
    </ClCompile>
    <ClCompile Include="test47.c">
      <Filter>소스 파일\1000\6.basic_bit_shift_operation</Filter>
    </ClCompile>
    <ClCompile Include="test48.c">
      <Filter>소스 파일\1000\6.basic_bit_shift_operation</Filter>
    </ClCompile>
    <ClCompile Include="test49.c">
      <Filter>소스 파일\1000\7.basic_comparison_operation</Filter>
    </ClCompile>
    <ClCompile Include="test50.c">
      <Filter>소스 파일\1000\7.basic_comparison_operation</Filter>
    </ClCompile>
    <ClCompile Include="test51.c">
      <Filter>소스 파일\1000\7.basic_comparison_operation</Filter>
    </ClCompile>
    <ClCompile Include="test52.c">
      <Filter>소스 파일\1000\7.basic_comparison_operation</Filter>
    </ClCompile>
    <ClCompile Include="test53.c">
      <Filter>소스 파일\1000\8.basic_logical_operation</Filter>
    </ClCompile>
    <ClCompile Include="test54.c">
      <Filter>소스 파일\1000\8.basic_logical_operation</Filter>
    </ClCompile>
    <ClCompile Include="test55.c">
      <Filter>소스 파일\1000\8.basic_logical_operation</Filter>
    </ClCompile>
    <ClCompile Include="test56.c">
      <Filter>소스 파일\1000\8.basic_logical_operation</Filter>
    </ClCompile>
    <ClCompile Include="test57.c">
      <Filter>소스 파일\1000\8.basic_logical_operation</Filter>
    </ClCompile>
    <ClCompile Include="test58.c">
      <Filter>소스 파일\1000\8.basic_logical_operation</Filter>
    </ClCompile>
    <ClCompile Include="test59.c">
      <Filter>소스 파일\1000\9.basic_logical_operation_in_bit_units</Filter>
    </ClCompile>
    <ClCompile Include="test60.c">
      <Filter>소스 파일\1000\9.basic_logical_operation_in_bit_units</Filter>
    </ClCompile>
    <ClCompile Include="test61.c">
      <Filter>소스 파일\1000\9.basic_logical_operation_in_bit_units</Filter>
    </ClCompile>
    <ClCompile Include="test62.c">
      <Filter>소스 파일\1000\9.basic_logical_operation_in_bit_units</Filter>
    </ClCompile>
    <ClCompile Include="test63.c">
      <Filter>소스 파일\1000\10.basic_ternary_operation</Filter>
    </ClCompile>
    <ClCompile Include="test64.c">
      <Filter>소스 파일\1000\10.basic_ternary_operation</Filter>
    </ClCompile>
    <ClCompile Include="test65.c">
      <Filter>소스 파일\1000\11.basic_condition_selection_execution_structure</Filter>
    </ClCompile>
    <ClCompile Include="test66.c">
      <Filter>소스 파일\1000\11.basic_condition_selection_execution_structure</Filter>
    </ClCompile>
    <ClCompile Include="test67.c">
      <Filter>소스 파일\1000\11.basic_condition_selection_execution_structure</Filter>
    </ClCompile>
    <ClCompile Include="test68.c">
      <Filter>소스 파일\1000\11.basic_condition_selection_execution_structure</Filter>
    </ClCompile>
    <ClCompile Include="test69.c">
      <Filter>소스 파일\1000\11.basic_condition_selection_execution_structure</Filter>
    </ClCompile>
    <ClCompile Include="test70.c">
      <Filter>소스 파일\1000\11.basic_condition_selection_execution_structure</Filter>
    </ClCompile>
    <ClCompile Include="test71.c">
      <Filter>소스 파일\1000\12.basic_repeat_execution_structure</Filter>
    </ClCompile>
    <ClCompile Include="test72.c">
      <Filter>소스 파일\1000\12.basic_repeat_execution_structure</Filter>
    </ClCompile>
    <ClCompile Include="test73.c">
      <Filter>소스 파일\1000\12.basic_repeat_execution_structure</Filter>
    </ClCompile>
    <ClCompile Include="test74.c">
      <Filter>소스 파일\1000\12.basic_repeat_execution_structure</Filter>
    </ClCompile>
    <ClCompile Include="test75.c">
      <Filter>소스 파일\1000\12.basic_repeat_execution_structure</Filter>
    </ClCompile>
    <ClCompile Include="test76.c">
      <Filter>소스 파일\1000\12.basic_repeat_execution_structure</Filter>
    </ClCompile>
    <ClCompile Include="test77.c">
      <Filter>소스 파일\1000\12.basic_repeat_execution_structure</Filter>
    </ClCompile>
    <ClCompile Include="test78.c">
      <Filter>소스 파일\1000\13.basic_synthesis</Filter>
    </ClCompile>
    <ClCompile Include="test79.c">
      <Filter>소스 파일\1000\13.basic_synthesis</Filter>
    </ClCompile>
    <ClCompile Include="test80.c">
      <Filter>소스 파일\1000\13.basic_synthesis</Filter>
    </ClCompile>
    <ClCompile Include="test81.c">
      <Filter>소스 파일\1000\13.basic_synthesis</Filter>
    </ClCompile>
    <ClCompile Include="test82.c">
      <Filter>소스 파일\1000\13.basic_synthesis</Filter>
    </ClCompile>
    <ClCompile Include="test83.c">
      <Filter>소스 파일\1000\13.basic_synthesis</Filter>
    </ClCompile>
    <ClCompile Include="test84.c">
      <Filter>소스 파일\1000\13.basic_synthesis</Filter>
    </ClCompile>
    <ClCompile Include="test85.c">
      <Filter>소스 파일\1000\13.basic_synthesis</Filter>
    </ClCompile>
    <ClCompile Include="test86.c">
      <Filter>소스 파일\1000\13.basic_synthesis</Filter>
    </ClCompile>
    <ClCompile Include="test87.c">
      <Filter>소스 파일\1000\13.basic_synthesis</Filter>
    </ClCompile>
    <ClCompile Include="test88.c">
      <Filter>소스 파일\1000\13.basic_synthesis</Filter>
    </ClCompile>
    <ClCompile Include="test89.c">
      <Filter>소스 파일\1000\13.basic_synthesis</Filter>
    </ClCompile>
    <ClCompile Include="test90.c">
      <Filter>소스 파일\1000\13.basic_synthesis</Filter>
    </ClCompile>
    <ClCompile Include="test91.c">
      <Filter>소스 파일\1000\13.basic_synthesis</Filter>
    </ClCompile>
    <ClCompile Include="test92.c">
      <Filter>소스 파일\1000\13.basic_synthesis</Filter>
    </ClCompile>
    <ClCompile Include="test93.c">
      <Filter>소스 파일\1000\14.basic_one-dimensional_array</Filter>
    </ClCompile>
    <ClCompile Include="test94.c">
      <Filter>소스 파일\1000\14.basic_one-dimensional_array</Filter>
    </ClCompile>
    <ClCompile Include="test95.c">
      <Filter>소스 파일\1000\14.basic_one-dimensional_array</Filter>
    </ClCompile>
    <ClCompile Include="test96.c">
      <Filter>소스 파일\1000\15.basic_two-dimensional_array</Filter>
    </ClCompile>
    <ClCompile Include="test97.c">
      <Filter>소스 파일\1000\15.basic_two-dimensional_array</Filter>
    </ClCompile>
    <ClCompile Include="test98.c">
      <Filter>소스 파일\1000\15.basic_two-dimensional_array</Filter>
    </ClCompile>
    <ClCompile Include="test99.c">
      <Filter>소스 파일\1000\15.basic_two-dimensional_array</Filter>
    </ClCompile>
    <ClCompile Include="test101.c">
      <Filter>소스 파일\1100\100</Filter>
    </ClCompile>
    <ClCompile Include="test102.c">
      <Filter>소스 파일\1100\100</Filter>
    </ClCompile>
    <ClCompile Include="test103.c">
      <Filter>소스 파일\1100\100</Filter>
    </ClCompile>
    <ClCompile Include="test106.c">
      <Filter>소스 파일\1100\100</Filter>
    </ClCompile>
    <ClCompile Include="test107.c">
      <Filter>소스 파일\1100\100</Filter>
    </ClCompile>
    <ClCompile Include="test108.c">
      <Filter>소스 파일\1100\100</Filter>
    </ClCompile>
    <ClCompile Include="test109.c">
      <Filter>소스 파일\1100\100</Filter>
    </ClCompile>
    <ClCompile Include="test110.c">
      <Filter>소스 파일\1100\110</Filter>
    </ClCompile>
    <ClCompile Include="test111.c">
      <Filter>소스 파일\1100\110</Filter>
    </ClCompile>
    <ClCompile Include="test112.c">
      <Filter>소스 파일\1100\110</Filter>
    </ClCompile>
    <ClCompile Include="test113.c">
      <Filter>소스 파일\1100\110</Filter>
    </ClCompile>
    <ClCompile Include="test114.c">
      <Filter>소스 파일\1100\110</Filter>
    </ClCompile>
    <ClCompile Include="test115.c">
      <Filter>소스 파일\1100\110</Filter>
    </ClCompile>
    <ClCompile Include="test116.c">
      <Filter>소스 파일\1100\110</Filter>
    </ClCompile>
    <ClCompile Include="test117.c">
      <Filter>소스 파일\1100\110</Filter>
    </ClCompile>
    <ClCompile Include="test118.c">
      <Filter>소스 파일\1100\110</Filter>
    </ClCompile>
    <ClCompile Include="test119.c">
      <Filter>소스 파일\1100\110</Filter>
    </ClCompile>
    <ClCompile Include="test120.c">
      <Filter>소스 파일\1100\120</Filter>
    </ClCompile>
    <ClCompile Include="test121.c">
      <Filter>소스 파일\1100\120</Filter>
    </ClCompile>
    <ClCompile Include="test122.c">
      <Filter>소스 파일\1100\120</Filter>
    </ClCompile>
    <ClCompile Include="test123.c">
      <Filter>소스 파일\1100\120</Filter>
    </ClCompile>
    <ClCompile Include="test124.c">
      <Filter>소스 파일\1100\120</Filter>
    </ClCompile>
    <ClCompile Include="test125.c">
      <Filter>소스 파일\1100\120</Filter>
    </ClCompile>
    <ClCompile Include="test126.c">
      <Filter>소스 파일\1100\120</Filter>
    </ClCompile>
    <ClCompile Include="test127.c">
      <Filter>소스 파일\1100\120</Filter>
    </ClCompile>
    <ClCompile Include="test128.c">
      <Filter>소스 파일\1100\120</Filter>
    </ClCompile>
    <ClCompile Include="test131.c">
      <Filter>소스 파일\1100\130</Filter>
    </ClCompile>
    <ClCompile Include="test132.c">
      <Filter>소스 파일\1100\130</Filter>
    </ClCompile>
    <ClCompile Include="test133.c">
      <Filter>소스 파일\1100\130</Filter>
    </ClCompile>
    <ClCompile Include="test135.c">
      <Filter>소스 파일\1100\130</Filter>
    </ClCompile>
    <ClCompile Include="test136.c">
      <Filter>소스 파일\1100\130</Filter>
    </ClCompile>
    <ClCompile Include="test137.c">
      <Filter>소스 파일\1100\130</Filter>
    </ClCompile>
    <ClCompile Include="test138.c">
      <Filter>소스 파일\1100\130</Filter>
    </ClCompile>
    <ClCompile Include="test139.c">
      <Filter>소스 파일\1100\130</Filter>
    </ClCompile>
    <ClCompile Include="test140.c">
      <Filter>소스 파일\1100\140</Filter>
    </ClCompile>
    <ClCompile Include="test143.c">
      <Filter>소스 파일\1100\140</Filter>
    </ClCompile>
    <ClCompile Include="test144.c">
      <Filter>소스 파일\1100\140</Filter>
    </ClCompile>
    <ClCompile Include="test147.c">
      <Filter>소스 파일\1100\140</Filter>
    </ClCompile>
    <ClCompile Include="test148.c">
      <Filter>소스 파일\1100\140</Filter>
    </ClCompile>
    <ClCompile Include="test149.c">
      <Filter>소스 파일\1100\140</Filter>
    </ClCompile>
    <ClCompile Include="test150.c">
      <Filter>소스 파일\1100\150</Filter>
    </ClCompile>
    <ClCompile Include="test151.c">
      <Filter>소스 파일\1100\150</Filter>
    </ClCompile>
    <ClCompile Include="test152.c">
      <Filter>소스 파일\1100\150</Filter>
    </ClCompile>
    <ClCompile Include="test153.c">
      <Filter>소스 파일\1100\150</Filter>
    </ClCompile>
    <ClCompile Include="test154.c">
      <Filter>소스 파일\1100\150</Filter>
    </ClCompile>
    <ClCompile Include="test155.c">
      <Filter>소스 파일\1100\150</Filter>
    </ClCompile>
    <ClCompile Include="test156.c">
      <Filter>소스 파일\1100\150</Filter>
    </ClCompile>
    <ClCompile Include="test157.c">
      <Filter>소스 파일\1100\150</Filter>
    </ClCompile>
    <ClCompile Include="test158.c">
      <Filter>소스 파일\1100\150</Filter>
    </ClCompile>
    <ClCompile Include="test159.c">
      <Filter>소스 파일\1100\150</Filter>
    </ClCompile>
    <ClCompile Include="test160.c">
      <Filter>소스 파일\1100\160</Filter>
    </ClCompile>
    <ClCompile Include="test161.c">
      <Filter>소스 파일\1100\160</Filter>
    </ClCompile>
    <ClCompile Include="test162.c">
      <Filter>소스 파일\1100\160</Filter>
    </ClCompile>
    <ClCompile Include="test163.c">
      <Filter>소스 파일\1100\160</Filter>
    </ClCompile>
    <ClCompile Include="test164.c">
      <Filter>소스 파일\1100\160</Filter>
    </ClCompile>
    <ClCompile Include="test165.c">
      <Filter>소스 파일\1100\160</Filter>
    </ClCompile>
    <ClCompile Include="test166.c">
      <Filter>소스 파일\1100\160</Filter>
    </ClCompile>
    <ClCompile Include="test167.c">
      <Filter>소스 파일\1100\160</Filter>
    </ClCompile>
    <ClCompile Include="test01.c">
      <Filter>소스 파일\1000\1.basic_output</Filter>
    </ClCompile>
    <ClCompile Include="test02.c">
      <Filter>소스 파일\1000\1.basic_output</Filter>
    </ClCompile>
    <ClCompile Include="test03.c">
      <Filter>소스 파일\1000\1.basic_output</Filter>
    </ClCompile>
    <ClCompile Include="test04.c">
      <Filter>소스 파일\1000\1.basic_output</Filter>
    </ClCompile>
    <ClCompile Include="test05.c">
      <Filter>소스 파일\1000\1.basic_output</Filter>
    </ClCompile>
    <ClCompile Include="test06.c">
      <Filter>소스 파일\1000\1.basic_output</Filter>
    </ClCompile>
    <ClCompile Include="test07.c">
      <Filter>소스 파일\1000\1.basic_output</Filter>
    </ClCompile>
    <ClCompile Include="test08.c">
      <Filter>소스 파일\1000\1.basic_output</Filter>
    </ClCompile>
    <ClCompile Include="test168.c">
      <Filter>소스 파일\1100\160</Filter>
    </ClCompile>
    <ClCompile Include="test169.c">
      <Filter>소스 파일\1100\160</Filter>
    </ClCompile>
    <ClCompile Include="test170.c">
      <Filter>소스 파일\1100\170</Filter>
    </ClCompile>
    <ClCompile Include="test171.c">
      <Filter>소스 파일\1100\170</Filter>
    </ClCompile>
    <ClCompile Include="test172.c">
      <Filter>소스 파일\1100\170</Filter>
    </ClCompile>
    <ClCompile Include="test174.c">
      <Filter>소스 파일\1100\170</Filter>
    </ClCompile>
    <ClCompile Include="test173.c">
      <Filter>소스 파일\1100\170</Filter>
    </ClCompile>
    <ClCompile Include="test180.c">
      <Filter>소스 파일\1100\180</Filter>
    </ClCompile>
    <ClCompile Include="test201.c">
      <Filter>소스 파일\1200\200</Filter>
    </ClCompile>
    <ClCompile Include="test202.c">
      <Filter>소스 파일\1200\200</Filter>
    </ClCompile>
    <ClCompile Include="test203.c">
      <Filter>소스 파일\1200\200</Filter>
    </ClCompile>
  </ItemGroup>
</Project>