<?xml version="1.0" encoding="utf-8"?>
<Project ToolsVersion="4.0" xmlns="http://schemas.microsoft.com/developer/msbuild/2003">
  <ItemGroup>
    <Filter Include="소스 파일">
      <UniqueIdentifier>{4FC737F1-C7A5-4376-A066-2A32D752A2FF}</UniqueIdentifier>
      <Extensions>cpp;c;cc;cxx;c++;cppm;ixx;def;odl;idl;hpj;bat;asm;asmx</Extensions>
    </Filter>
    <Filter Include="헤더 파일">
      <UniqueIdentifier>{93995380-89BD-4b04-88EB-625FBE52EBFB}</UniqueIdentifier>
      <Extensions>h;hh;hpp;hxx;h++;hm;inl;inc;ipp;xsd</Extensions>
    </Filter>
    <Filter Include="리소스 파일">
      <UniqueIdentifier>{67DA6AB6-F800-4c08-8B7A-83BB121AAD01}</UniqueIdentifier>
      <Extensions>rc;ico;cur;bmp;dlg;rc2;rct;bin;rgs;gif;jpg;jpeg;jpe;resx;tiff;tif;png;wav;mfcribbon-ms</Extensions>
    </Filter>
    <Filter Include="소스 파일\1000_basic_test100">
      <UniqueIdentifier>{4dc2f5fc-5181-4410-97d1-82088683cc3b}</UniqueIdentifier>
    </Filter>
    <Filter Include="소스 파일\1000_basic_test100\1.basic_output">
      <UniqueIdentifier>{e22f2ae0-20c1-456e-9636-f133ab2ce6bd}</UniqueIdentifier>
    </Filter>
    <Filter Include="소스 파일\1000_basic_test100\2.basic_input_output">
      <UniqueIdentifier>{5a323455-41b2-459a-8dcf-26506042b7e2}</UniqueIdentifier>
    </Filter>
    <Filter Include="소스 파일\1000_basic_test100\3.basic_data_type">
      <UniqueIdentifier>{80d6e694-8599-4a1c-8683-7f52b18eb75b}</UniqueIdentifier>
    </Filter>
    <Filter Include="소스 파일\1000_basic_test100\4.basic_output_conversion">
      <UniqueIdentifier>{6f2255a6-cbe1-47c3-bf55-c254e768dd50}</UniqueIdentifier>
    </Filter>
    <Filter Include="소스 파일\1000_basic_test100\5.basic_arithmetic_operations">
      <UniqueIdentifier>{fecb2186-2b0f-464e-a42a-bbb0effc8072}</UniqueIdentifier>
    </Filter>
    <Filter Include="소스 파일\1000_basic_test100\6.basic_bit_shift_operations">
      <UniqueIdentifier>{f55cfd78-9ca1-4d5b-a2a8-662e33c91ab2}</UniqueIdentifier>
    </Filter>
    <Filter Include="소스 파일\1000_basic_test100\7.basic_comparison_operations">
      <UniqueIdentifier>{c6b055a1-027e-4758-8d62-d0872bc08bd0}</UniqueIdentifier>
    </Filter>
    <Filter Include="소스 파일\1000_basic_test100\8.basic_logical_operations">
      <UniqueIdentifier>{e72aec78-008d-427f-91a3-1c106d5aaccb}</UniqueIdentifier>
    </Filter>
    <Filter Include="소스 파일\1000_basic_test100\9.basic_bit_level_logical_operations">
      <UniqueIdentifier>{5657065e-6945-46e9-a0cb-8bbdd56fd2fa}</UniqueIdentifier>
    </Filter>
    <Filter Include="소스 파일\1000_basic_test100\10.basic_ternary_operations">
      <UniqueIdentifier>{68bcb8a5-5c0c-4025-b191-456d34df6ef7}</UniqueIdentifier>
    </Filter>
    <Filter Include="소스 파일\1000_basic_test100\11.basic_condition_selection_execution_structure">
      <UniqueIdentifier>{420a5fbe-d3d8-4424-a7b2-f7502a0fba3c}</UniqueIdentifier>
    </Filter>
    <Filter Include="소스 파일\1000_basic_test100\12.basic_repeat_execution_structure">
      <UniqueIdentifier>{9c283e0a-6da4-4542-b5ab-0ca743c3777a}</UniqueIdentifier>
    </Filter>
    <Filter Include="소스 파일\1000_basic_test100\13.basic_synthesis">
      <UniqueIdentifier>{51cfaea1-db58-4b30-b603-9782f00096e5}</UniqueIdentifier>
    </Filter>
    <Filter Include="소스 파일\1000_basic_test100\14.basic_one_dimensional_array">
      <UniqueIdentifier>{47dc7b74-a07d-4db9-b374-d8bdb44848cb}</UniqueIdentifier>
    </Filter>
    <Filter Include="소스 파일\1000_basic_test100\15.basic_two_dimensional_array">
      <UniqueIdentifier>{8bf6632d-bc1b-4e0b-bb7d-2af1eeebdfe7}</UniqueIdentifier>
    </Filter>
    <Filter Include="소스 파일\1100">
      <UniqueIdentifier>{9f6d1f8f-4dac-4999-b8d7-e374cd6fbc51}</UniqueIdentifier>
    </Filter>
    <Filter Include="소스 파일\1100\100">
      <UniqueIdentifier>{d593c959-538e-47b9-b3b7-b596342d6175}</UniqueIdentifier>
    </Filter>
    <Filter Include="소스 파일\1100\110">
      <UniqueIdentifier>{b844452c-04f1-4f32-a6a0-cacf459958f4}</UniqueIdentifier>
    </Filter>
    <Filter Include="소스 파일\1100\120">
      <UniqueIdentifier>{a94c97c3-ec30-4b23-aa93-943cdc3d064b}</UniqueIdentifier>
    </Filter>
    <Filter Include="소스 파일\1100\130">
      <UniqueIdentifier>{1d7267b1-9d1f-4079-9061-177b9d857be1}</UniqueIdentifier>
    </Filter>
    <Filter Include="소스 파일\1100\140">
      <UniqueIdentifier>{52327068-66d2-419f-8ea0-0daa59e388c9}</UniqueIdentifier>
    </Filter>
    <Filter Include="소스 파일\1100\150">
      <UniqueIdentifier>{0b8968df-2d9b-4842-b60f-431483ae38e3}</UniqueIdentifier>
    </Filter>
    <Filter Include="소스 파일\1100\160">
      <UniqueIdentifier>{70b85f54-a9ea-4340-bf4d-6ca014f5d601}</UniqueIdentifier>
    </Filter>
    <Filter Include="소스 파일\1100\170">
      <UniqueIdentifier>{bfa9e2c9-96c7-4eda-b4b4-c6d69c959902}</UniqueIdentifier>
    </Filter>
    <Filter Include="소스 파일\1100\180">
      <UniqueIdentifier>{40808143-86a6-4473-bd6a-7cc7f57e0a29}</UniqueIdentifier>
    </Filter>
    <Filter Include="소스 파일\1200">
      <UniqueIdentifier>{bcc1fcb4-9fc4-4afe-b6f1-69834dc0ea04}</UniqueIdentifier>
    </Filter>
    <Filter Include="소스 파일\1200\200">
      <UniqueIdentifier>{4a4b10e2-6271-4394-99f6-93fc549aee0e}</UniqueIdentifier>
    </Filter>
    <Filter Include="소스 파일\1200\210">
      <UniqueIdentifier>{358451fa-56ac-4b6c-b21f-43a22b288b85}</UniqueIdentifier>
    </Filter>
    <Filter Include="소스 파일\1200\220">
      <UniqueIdentifier>{98f8abfe-037f-466e-823b-776ef1ae023d}</UniqueIdentifier>
    </Filter>
    <Filter Include="소스 파일\1200\230">
      <UniqueIdentifier>{424f6da9-4cd7-4cfd-964a-d890721c4931}</UniqueIdentifier>
    </Filter>
    <Filter Include="소스 파일\1200\250">
      <UniqueIdentifier>{7a8229f8-02a9-4b19-969a-16e27ad882b5}</UniqueIdentifier>
    </Filter>
    <Filter Include="소스 파일\1200\260">
      <UniqueIdentifier>{13a4931c-b57b-4b60-8088-721edee8d37e}</UniqueIdentifier>
    </Filter>
    <Filter Include="소스 파일\1200\270">
      <UniqueIdentifier>{e7618e8b-f45c-4b9d-a2b4-4f03cbb2d997}</UniqueIdentifier>
    </Filter>
    <Filter Include="소스 파일\1200\280">
      <UniqueIdentifier>{8ee518d0-34bb-4b58-8a61-6fbb1d995979}</UniqueIdentifier>
    </Filter>
    <Filter Include="소스 파일\1200\290">
      <UniqueIdentifier>{c03fb9c9-a19c-42ad-b539-09442f5af2af}</UniqueIdentifier>
    </Filter>
  </ItemGroup>
  <ItemGroup>
    <ClCompile Include="test1001.c">
      <Filter>소스 파일\1000_basic_test100\1.basic_output</Filter>
    </ClCompile>
    <ClCompile Include="test1002.c">
      <Filter>소스 파일\1000_basic_test100\1.basic_output</Filter>
    </ClCompile>
    <ClCompile Include="test1003.c">
      <Filter>소스 파일\1000_basic_test100\1.basic_output</Filter>
    </ClCompile>
    <ClCompile Include="test1004.c">
      <Filter>소스 파일\1000_basic_test100\1.basic_output</Filter>
    </ClCompile>
    <ClCompile Include="test1005.c">
      <Filter>소스 파일\1000_basic_test100\1.basic_output</Filter>
    </ClCompile>
    <ClCompile Include="test1006.c">
      <Filter>소스 파일\1000_basic_test100\1.basic_output</Filter>
    </ClCompile>
    <ClCompile Include="test1007.c">
      <Filter>소스 파일\1000_basic_test100\1.basic_output</Filter>
    </ClCompile>
    <ClCompile Include="test1008.c">
      <Filter>소스 파일\1000_basic_test100\1.basic_output</Filter>
    </ClCompile>
    <ClCompile Include="test1010.c">
      <Filter>소스 파일\1000_basic_test100\2.basic_input_output</Filter>
    </ClCompile>
    <ClCompile Include="test1011.c">
      <Filter>소스 파일\1000_basic_test100\2.basic_input_output</Filter>
    </ClCompile>
    <ClCompile Include="test1012.c">
      <Filter>소스 파일\1000_basic_test100\2.basic_input_output</Filter>
    </ClCompile>
    <ClCompile Include="test1013.c">
      <Filter>소스 파일\1000_basic_test100\2.basic_input_output</Filter>
    </ClCompile>
    <ClCompile Include="test1014.c">
      <Filter>소스 파일\1000_basic_test100\2.basic_input_output</Filter>
    </ClCompile>
    <ClCompile Include="test1015.c">
      <Filter>소스 파일\1000_basic_test100\2.basic_input_output</Filter>
    </ClCompile>
    <ClCompile Include="test1017.c">
      <Filter>소스 파일\1000_basic_test100\2.basic_input_output</Filter>
    </ClCompile>
    <ClCompile Include="test1018.c">
      <Filter>소스 파일\1000_basic_test100\2.basic_input_output</Filter>
    </ClCompile>
    <ClCompile Include="test1019.c">
      <Filter>소스 파일\1000_basic_test100\2.basic_input_output</Filter>
    </ClCompile>
    <ClCompile Include="test1020.c">
      <Filter>소스 파일\1000_basic_test100\2.basic_input_output</Filter>
    </ClCompile>
    <ClCompile Include="test1021.c">
      <Filter>소스 파일\1000_basic_test100\2.basic_input_output</Filter>
    </ClCompile>
    <ClCompile Include="test1022.c">
      <Filter>소스 파일\1000_basic_test100\2.basic_input_output</Filter>
    </ClCompile>
    <ClCompile Include="test1023.c">
      <Filter>소스 파일\1000_basic_test100\2.basic_input_output</Filter>
    </ClCompile>
    <ClCompile Include="test1024.c">
      <Filter>소스 파일\1000_basic_test100\2.basic_input_output</Filter>
    </ClCompile>
    <ClCompile Include="test1025.c">
      <Filter>소스 파일\1000_basic_test100\2.basic_input_output</Filter>
    </ClCompile>
    <ClCompile Include="test1026.c">
      <Filter>소스 파일\1000_basic_test100\2.basic_input_output</Filter>
    </ClCompile>
    <ClCompile Include="test1027.c">
      <Filter>소스 파일\1000_basic_test100\2.basic_input_output</Filter>
    </ClCompile>
    <ClCompile Include="test1028.c">
      <Filter>소스 파일\1000_basic_test100\3.basic_data_type</Filter>
    </ClCompile>
    <ClCompile Include="test1029.c">
      <Filter>소스 파일\1000_basic_test100\3.basic_data_type</Filter>
    </ClCompile>
    <ClCompile Include="test1030.c">
      <Filter>소스 파일\1000_basic_test100\3.basic_data_type</Filter>
    </ClCompile>
    <ClCompile Include="test1031.c">
      <Filter>소스 파일\1000_basic_test100\4.basic_output_conversion</Filter>
    </ClCompile>
    <ClCompile Include="test1032.c">
      <Filter>소스 파일\1000_basic_test100\4.basic_output_conversion</Filter>
    </ClCompile>
    <ClCompile Include="test1033.c">
      <Filter>소스 파일\1000_basic_test100\4.basic_output_conversion</Filter>
    </ClCompile>
    <ClCompile Include="test1034.c">
      <Filter>소스 파일\1000_basic_test100\4.basic_output_conversion</Filter>
    </ClCompile>
    <ClCompile Include="test1035.c">
      <Filter>소스 파일\1000_basic_test100\4.basic_output_conversion</Filter>
    </ClCompile>
    <ClCompile Include="test1036.c">
      <Filter>소스 파일\1000_basic_test100\4.basic_output_conversion</Filter>
    </ClCompile>
    <ClCompile Include="test1037.c">
      <Filter>소스 파일\1000_basic_test100\4.basic_output_conversion</Filter>
    </ClCompile>
    <ClCompile Include="test1038.c">
      <Filter>소스 파일\1000_basic_test100\5.basic_arithmetic_operations</Filter>
    </ClCompile>
    <ClCompile Include="test1039.c">
      <Filter>소스 파일\1000_basic_test100\5.basic_arithmetic_operations</Filter>
    </ClCompile>
    <ClCompile Include="test1040.c">
      <Filter>소스 파일\1000_basic_test100\5.basic_arithmetic_operations</Filter>
    </ClCompile>
    <ClCompile Include="test1041.c">
      <Filter>소스 파일\1000_basic_test100\5.basic_arithmetic_operations</Filter>
    </ClCompile>
    <ClCompile Include="test1042.c">
      <Filter>소스 파일\1000_basic_test100\5.basic_arithmetic_operations</Filter>
    </ClCompile>
    <ClCompile Include="test1043.c">
      <Filter>소스 파일\1000_basic_test100\5.basic_arithmetic_operations</Filter>
    </ClCompile>
    <ClCompile Include="test1044.c">
      <Filter>소스 파일\1000_basic_test100\5.basic_arithmetic_operations</Filter>
    </ClCompile>
    <ClCompile Include="test1045.c">
      <Filter>소스 파일\1000_basic_test100\5.basic_arithmetic_operations</Filter>
    </ClCompile>
    <ClCompile Include="test1046.c">
      <Filter>소스 파일\1000_basic_test100\5.basic_arithmetic_operations</Filter>
    </ClCompile>
    <ClCompile Include="test1047.c">
      <Filter>소스 파일\1000_basic_test100\6.basic_bit_shift_operations</Filter>
    </ClCompile>
    <ClCompile Include="test1048.c">
      <Filter>소스 파일\1000_basic_test100\6.basic_bit_shift_operations</Filter>
    </ClCompile>
    <ClCompile Include="test1049.c">
      <Filter>소스 파일\1000_basic_test100\7.basic_comparison_operations</Filter>
    </ClCompile>
    <ClCompile Include="test1050.c">
      <Filter>소스 파일\1000_basic_test100\7.basic_comparison_operations</Filter>
    </ClCompile>
    <ClCompile Include="test1051.c">
      <Filter>소스 파일\1000_basic_test100\7.basic_comparison_operations</Filter>
    </ClCompile>
    <ClCompile Include="test1052.c">
      <Filter>소스 파일\1000_basic_test100\7.basic_comparison_operations</Filter>
    </ClCompile>
    <ClCompile Include="test1053.c">
      <Filter>소스 파일\1000_basic_test100\8.basic_logical_operations</Filter>
    </ClCompile>
    <ClCompile Include="test1054.c">
      <Filter>소스 파일\1000_basic_test100\8.basic_logical_operations</Filter>
    </ClCompile>
    <ClCompile Include="test1055.c">
      <Filter>소스 파일\1000_basic_test100\8.basic_logical_operations</Filter>
    </ClCompile>
    <ClCompile Include="test1056.c">
      <Filter>소스 파일\1000_basic_test100\8.basic_logical_operations</Filter>
    </ClCompile>
    <ClCompile Include="test1057.c">
      <Filter>소스 파일\1000_basic_test100\8.basic_logical_operations</Filter>
    </ClCompile>
    <ClCompile Include="test1058.c">
      <Filter>소스 파일\1000_basic_test100\8.basic_logical_operations</Filter>
    </ClCompile>
    <ClCompile Include="test1059.c">
      <Filter>소스 파일\1000_basic_test100\9.basic_bit_level_logical_operations</Filter>
    </ClCompile>
    <ClCompile Include="test1060.c">
      <Filter>소스 파일\1000_basic_test100\9.basic_bit_level_logical_operations</Filter>
    </ClCompile>
    <ClCompile Include="test1061.c">
      <Filter>소스 파일\1000_basic_test100\9.basic_bit_level_logical_operations</Filter>
    </ClCompile>
    <ClCompile Include="test1062.c">
      <Filter>소스 파일\1000_basic_test100\9.basic_bit_level_logical_operations</Filter>
    </ClCompile>
    <ClCompile Include="test1063.c">
      <Filter>소스 파일\1000_basic_test100\10.basic_ternary_operations</Filter>
    </ClCompile>
    <ClCompile Include="test1064.c">
      <Filter>소스 파일\1000_basic_test100\10.basic_ternary_operations</Filter>
    </ClCompile>
    <ClCompile Include="test1065.c">
      <Filter>소스 파일\1000_basic_test100\11.basic_condition_selection_execution_structure</Filter>
    </ClCompile>
    <ClCompile Include="test1066.c">
      <Filter>소스 파일\1000_basic_test100\11.basic_condition_selection_execution_structure</Filter>
    </ClCompile>
    <ClCompile Include="test1067.c">
      <Filter>소스 파일\1000_basic_test100\11.basic_condition_selection_execution_structure</Filter>
    </ClCompile>
    <ClCompile Include="test1068.c">
      <Filter>소스 파일\1000_basic_test100\11.basic_condition_selection_execution_structure</Filter>
    </ClCompile>
    <ClCompile Include="test1069.c">
      <Filter>소스 파일\1000_basic_test100\11.basic_condition_selection_execution_structure</Filter>
    </ClCompile>
    <ClCompile Include="test1070.c">
      <Filter>소스 파일\1000_basic_test100\11.basic_condition_selection_execution_structure</Filter>
    </ClCompile>
    <ClCompile Include="test1071.c">
      <Filter>소스 파일\1000_basic_test100\12.basic_repeat_execution_structure</Filter>
    </ClCompile>
    <ClCompile Include="test1072.c">
      <Filter>소스 파일\1000_basic_test100\12.basic_repeat_execution_structure</Filter>
    </ClCompile>
    <ClCompile Include="test1073.c">
      <Filter>소스 파일\1000_basic_test100\12.basic_repeat_execution_structure</Filter>
    </ClCompile>
    <ClCompile Include="test1074.c">
      <Filter>소스 파일\1000_basic_test100\12.basic_repeat_execution_structure</Filter>
    </ClCompile>
    <ClCompile Include="test1075.c">
      <Filter>소스 파일\1000_basic_test100\12.basic_repeat_execution_structure</Filter>
    </ClCompile>
    <ClCompile Include="test1076.c">
      <Filter>소스 파일\1000_basic_test100\12.basic_repeat_execution_structure</Filter>
    </ClCompile>
    <ClCompile Include="test1077.c">
      <Filter>소스 파일\1000_basic_test100\12.basic_repeat_execution_structure</Filter>
    </ClCompile>
    <ClCompile Include="test1078.c">
      <Filter>소스 파일\1000_basic_test100\13.basic_synthesis</Filter>
    </ClCompile>
    <ClCompile Include="test1079.c">
      <Filter>소스 파일\1000_basic_test100\13.basic_synthesis</Filter>
    </ClCompile>
    <ClCompile Include="test1080.c">
      <Filter>소스 파일\1000_basic_test100\13.basic_synthesis</Filter>
    </ClCompile>
    <ClCompile Include="test1081.c">
      <Filter>소스 파일\1000_basic_test100\13.basic_synthesis</Filter>
    </ClCompile>
    <ClCompile Include="test1082.c">
      <Filter>소스 파일\1000_basic_test100\13.basic_synthesis</Filter>
    </ClCompile>
    <ClCompile Include="test1083.c">
      <Filter>소스 파일\1000_basic_test100\13.basic_synthesis</Filter>
    </ClCompile>
    <ClCompile Include="test1084.c">
      <Filter>소스 파일\1000_basic_test100\13.basic_synthesis</Filter>
    </ClCompile>
    <ClCompile Include="test1085.c">
      <Filter>소스 파일\1000_basic_test100\13.basic_synthesis</Filter>
    </ClCompile>
    <ClCompile Include="test1086.c">
      <Filter>소스 파일\1000_basic_test100\13.basic_synthesis</Filter>
    </ClCompile>
    <ClCompile Include="test1087.c">
      <Filter>소스 파일\1000_basic_test100\13.basic_synthesis</Filter>
    </ClCompile>
    <ClCompile Include="test1088.c">
      <Filter>소스 파일\1000_basic_test100\13.basic_synthesis</Filter>
    </ClCompile>
    <ClCompile Include="test1089.c">
      <Filter>소스 파일\1000_basic_test100\13.basic_synthesis</Filter>
    </ClCompile>
    <ClCompile Include="test1090.c">
      <Filter>소스 파일\1000_basic_test100\13.basic_synthesis</Filter>
    </ClCompile>
    <ClCompile Include="test1091.c">
      <Filter>소스 파일\1000_basic_test100\13.basic_synthesis</Filter>
    </ClCompile>
    <ClCompile Include="test1092.c">
      <Filter>소스 파일\1000_basic_test100\13.basic_synthesis</Filter>
    </ClCompile>
    <ClCompile Include="test1093.c">
      <Filter>소스 파일\1000_basic_test100\14.basic_one_dimensional_array</Filter>
    </ClCompile>
    <ClCompile Include="test1094.c">
      <Filter>소스 파일\1000_basic_test100\14.basic_one_dimensional_array</Filter>
    </ClCompile>
    <ClCompile Include="test1095.c">
      <Filter>소스 파일\1000_basic_test100\14.basic_one_dimensional_array</Filter>
    </ClCompile>
    <ClCompile Include="test1096.c">
      <Filter>소스 파일\1000_basic_test100\15.basic_two_dimensional_array</Filter>
    </ClCompile>
    <ClCompile Include="test1097.c">
      <Filter>소스 파일\1000_basic_test100\15.basic_two_dimensional_array</Filter>
    </ClCompile>
    <ClCompile Include="test1098.c">
      <Filter>소스 파일\1000_basic_test100\15.basic_two_dimensional_array</Filter>
    </ClCompile>
    <ClCompile Include="test1099.c">
      <Filter>소스 파일\1000_basic_test100\15.basic_two_dimensional_array</Filter>
    </ClCompile>
    <ClCompile Include="test1101.c">
      <Filter>소스 파일\1100\100</Filter>
    </ClCompile>
    <ClCompile Include="test1102.c">
      <Filter>소스 파일\1100\100</Filter>
    </ClCompile>
    <ClCompile Include="test1103.c">
      <Filter>소스 파일\1100\100</Filter>
    </ClCompile>
    <ClCompile Include="test1106.c">
      <Filter>소스 파일\1100\100</Filter>
    </ClCompile>
    <ClCompile Include="test1107.c">
      <Filter>소스 파일\1100\100</Filter>
    </ClCompile>
    <ClCompile Include="test1108.c">
      <Filter>소스 파일\1100\100</Filter>
    </ClCompile>
    <ClCompile Include="test1109.c">
      <Filter>소스 파일\1100\100</Filter>
    </ClCompile>
    <ClCompile Include="test1110.c">
      <Filter>소스 파일\1100\110</Filter>
    </ClCompile>
    <ClCompile Include="test1111.c">
      <Filter>소스 파일\1100\110</Filter>
    </ClCompile>
    <ClCompile Include="test1112.c">
      <Filter>소스 파일\1100\110</Filter>
    </ClCompile>
    <ClCompile Include="test1113.c">
      <Filter>소스 파일\1100\110</Filter>
    </ClCompile>
    <ClCompile Include="test1114.c">
      <Filter>소스 파일\1100\110</Filter>
    </ClCompile>
    <ClCompile Include="test1115.c">
      <Filter>소스 파일\1100\110</Filter>
    </ClCompile>
    <ClCompile Include="test1116.c">
      <Filter>소스 파일\1100\110</Filter>
    </ClCompile>
    <ClCompile Include="test1117.c">
      <Filter>소스 파일\1100\110</Filter>
    </ClCompile>
    <ClCompile Include="test1118.c">
      <Filter>소스 파일\1100\110</Filter>
    </ClCompile>
    <ClCompile Include="test1119.c">
      <Filter>소스 파일\1100\110</Filter>
    </ClCompile>
    <ClCompile Include="test1120.c">
      <Filter>소스 파일\1100\120</Filter>
    </ClCompile>
    <ClCompile Include="test1121.c">
      <Filter>소스 파일\1100\120</Filter>
    </ClCompile>
    <ClCompile Include="test1122.c">
      <Filter>소스 파일\1100\120</Filter>
    </ClCompile>
    <ClCompile Include="test1123.c">
      <Filter>소스 파일\1100\120</Filter>
    </ClCompile>
    <ClCompile Include="test1124.c">
      <Filter>소스 파일\1100\120</Filter>
    </ClCompile>
    <ClCompile Include="test1125.c">
      <Filter>소스 파일\1100\120</Filter>
    </ClCompile>
    <ClCompile Include="test1126.c">
      <Filter>소스 파일\1100\120</Filter>
    </ClCompile>
    <ClCompile Include="test1127.c">
      <Filter>소스 파일\1100\120</Filter>
    </ClCompile>
    <ClCompile Include="test1128.c">
      <Filter>소스 파일\1100\120</Filter>
    </ClCompile>
    <ClCompile Include="test1131.c">
      <Filter>소스 파일\1100\130</Filter>
    </ClCompile>
    <ClCompile Include="test1132.c">
      <Filter>소스 파일\1100\130</Filter>
    </ClCompile>
    <ClCompile Include="test1133.c">
      <Filter>소스 파일\1100\130</Filter>
    </ClCompile>
    <ClCompile Include="test1135.c">
      <Filter>소스 파일\1100\130</Filter>
    </ClCompile>
    <ClCompile Include="test1136.c">
      <Filter>소스 파일\1100\130</Filter>
    </ClCompile>
    <ClCompile Include="test1137.c">
      <Filter>소스 파일\1100\130</Filter>
    </ClCompile>
    <ClCompile Include="test1138.c">
      <Filter>소스 파일\1100\130</Filter>
    </ClCompile>
    <ClCompile Include="test1139.c">
      <Filter>소스 파일\1100\130</Filter>
    </ClCompile>
    <ClCompile Include="test1140.c">
      <Filter>소스 파일\1100\140</Filter>
    </ClCompile>
    <ClCompile Include="test1143.c">
      <Filter>소스 파일\1100\140</Filter>
    </ClCompile>
    <ClCompile Include="test1144.c">
      <Filter>소스 파일\1100\140</Filter>
    </ClCompile>
    <ClCompile Include="test1147.c">
      <Filter>소스 파일\1100\140</Filter>
    </ClCompile>
    <ClCompile Include="test1148.c">
      <Filter>소스 파일\1100\140</Filter>
    </ClCompile>
    <ClCompile Include="test1149.c">
      <Filter>소스 파일\1100\140</Filter>
    </ClCompile>
    <ClCompile Include="test1150.c">
      <Filter>소스 파일\1100\150</Filter>
    </ClCompile>
    <ClCompile Include="test1151.c">
      <Filter>소스 파일\1100\150</Filter>
    </ClCompile>
    <ClCompile Include="test1152.c">
      <Filter>소스 파일\1100\150</Filter>
    </ClCompile>
    <ClCompile Include="test1153.c">
      <Filter>소스 파일\1100\150</Filter>
    </ClCompile>
    <ClCompile Include="test1154.c">
      <Filter>소스 파일\1100\150</Filter>
    </ClCompile>
    <ClCompile Include="test1155.c">
      <Filter>소스 파일\1100\150</Filter>
    </ClCompile>
    <ClCompile Include="test1156.c">
      <Filter>소스 파일\1100\150</Filter>
    </ClCompile>
    <ClCompile Include="test1157.c">
      <Filter>소스 파일\1100\150</Filter>
    </ClCompile>
    <ClCompile Include="test1158.c">
      <Filter>소스 파일\1100\150</Filter>
    </ClCompile>
    <ClCompile Include="test1159.c">
      <Filter>소스 파일\1100\150</Filter>
    </ClCompile>
    <ClCompile Include="test1160.c">
      <Filter>소스 파일\1100\160</Filter>
    </ClCompile>
    <ClCompile Include="test1161.c">
      <Filter>소스 파일\1100\160</Filter>
    </ClCompile>
    <ClCompile Include="test1162.c">
      <Filter>소스 파일\1100\160</Filter>
    </ClCompile>
    <ClCompile Include="test1163.c">
      <Filter>소스 파일\1100\160</Filter>
    </ClCompile>
    <ClCompile Include="test1164.c">
      <Filter>소스 파일\1100\160</Filter>
    </ClCompile>
    <ClCompile Include="test1165.c">
      <Filter>소스 파일\1100\160</Filter>
    </ClCompile>
    <ClCompile Include="test1166.c">
      <Filter>소스 파일\1100\160</Filter>
    </ClCompile>
    <ClCompile Include="test1167.c">
      <Filter>소스 파일\1100\160</Filter>
    </ClCompile>
    <ClCompile Include="test1168.c">
      <Filter>소스 파일\1100\160</Filter>
    </ClCompile>
    <ClCompile Include="test1169.c">
      <Filter>소스 파일\1100\160</Filter>
    </ClCompile>
    <ClCompile Include="test1170.c">
      <Filter>소스 파일\1100\170</Filter>
    </ClCompile>
    <ClCompile Include="test1171.c">
      <Filter>소스 파일\1100\170</Filter>
    </ClCompile>
    <ClCompile Include="test1172.c">
      <Filter>소스 파일\1100\170</Filter>
    </ClCompile>
    <ClCompile Include="test1173.c">
      <Filter>소스 파일\1100\170</Filter>
    </ClCompile>
    <ClCompile Include="test1174.c">
      <Filter>소스 파일\1100\170</Filter>
    </ClCompile>
    <ClCompile Include="test1180.c">
      <Filter>소스 파일\1100\180</Filter>
    </ClCompile>
    <ClCompile Include="test1201.c">
      <Filter>소스 파일\1200\200</Filter>
    </ClCompile>
    <ClCompile Include="test1202.c">
      <Filter>소스 파일\1200\200</Filter>
    </ClCompile>
    <ClCompile Include="test1203.c">
      <Filter>소스 파일\1200\200</Filter>
    </ClCompile>
    <ClCompile Include="test1204.c">
      <Filter>소스 파일\1200\200</Filter>
    </ClCompile>
    <ClCompile Include="test1205.c">
      <Filter>소스 파일\1200\200</Filter>
    </ClCompile>
    <ClCompile Include="test1206.c">
      <Filter>소스 파일\1200\200</Filter>
    </ClCompile>
    <ClCompile Include="test1207.c">
      <Filter>소스 파일\1200\200</Filter>
    </ClCompile>
    <ClCompile Include="test1210.c">
      <Filter>소스 파일\1200\210</Filter>
    </ClCompile>
    <ClCompile Include="test1212.c">
      <Filter>소스 파일\1200\210</Filter>
    </ClCompile>
    <ClCompile Include="test1214.c">
      <Filter>소스 파일\1200\210</Filter>
    </ClCompile>
    <ClCompile Include="test1216.c">
      <Filter>소스 파일\1200\210</Filter>
    </ClCompile>
    <ClCompile Include="test1218.c">
      <Filter>소스 파일\1200\210</Filter>
    </ClCompile>
    <ClCompile Include="test1222.c">
      <Filter>소스 파일\1200\220</Filter>
    </ClCompile>
    <ClCompile Include="test1224.c">
      <Filter>소스 파일\1200\220</Filter>
    </ClCompile>
    <ClCompile Include="test1226.c">
      <Filter>소스 파일\1200\220</Filter>
    </ClCompile>
    <ClCompile Include="test1228.c">
      <Filter>소스 파일\1200\220</Filter>
    </ClCompile>
    <ClCompile Include="test1229.c">
      <Filter>소스 파일\1200\220</Filter>
    </ClCompile>
    <ClCompile Include="test1230.c">
      <Filter>소스 파일\1200\230</Filter>
    </ClCompile>
    <ClCompile Include="test1231.c">
      <Filter>소스 파일\1200\230</Filter>
    </ClCompile>
    <ClCompile Include="test1251.c">
      <Filter>소스 파일\1200\250</Filter>
    </ClCompile>
    <ClCompile Include="test1252.c">
      <Filter>소스 파일\1200\250</Filter>
    </ClCompile>
    <ClCompile Include="test1253.c">
      <Filter>소스 파일\1200\250</Filter>
    </ClCompile>
    <ClCompile Include="test1254.c">
      <Filter>소스 파일\1200\250</Filter>
    </ClCompile>
    <ClCompile Include="test1255.c">
      <Filter>소스 파일\1200\250</Filter>
    </ClCompile>
    <ClCompile Include="test1256.c">
      <Filter>소스 파일\1200\250</Filter>
    </ClCompile>
    <ClCompile Include="test1257.c">
      <Filter>소스 파일\1200\250</Filter>
    </ClCompile>
    <ClCompile Include="test1258.c">
      <Filter>소스 파일\1200\250</Filter>
    </ClCompile>
    <ClCompile Include="test1259.c">
      <Filter>소스 파일\1200\250</Filter>
    </ClCompile>
    <ClCompile Include="test1260.c">
      <Filter>소스 파일\1200\260</Filter>
    </ClCompile>
    <ClCompile Include="test1261.c">
      <Filter>소스 파일\1200\260</Filter>
    </ClCompile>
    <ClCompile Include="test1265.c">
      <Filter>소스 파일\1200\260</Filter>
    </ClCompile>
    <ClCompile Include="test1266.c">
      <Filter>소스 파일\1200\260</Filter>
    </ClCompile>
    <ClCompile Include="test1267.c">
      <Filter>소스 파일\1200\260</Filter>
    </ClCompile>
    <ClCompile Include="test1268.c">
      <Filter>소스 파일\1200\260</Filter>
    </ClCompile>
    <ClCompile Include="test1269.c">
      <Filter>소스 파일\1200\260</Filter>
    </ClCompile>
    <ClCompile Include="test1270.c">
      <Filter>소스 파일\1200\270</Filter>
    </ClCompile>
    <ClCompile Include="test1271.c">
      <Filter>소스 파일\1200\270</Filter>
    </ClCompile>
    <ClCompile Include="test1272.c">
      <Filter>소스 파일\1200\270</Filter>
    </ClCompile>
    <ClCompile Include="test1273.c">
      <Filter>소스 파일\1200\270</Filter>
    </ClCompile>
    <ClCompile Include="test1274.c">
      <Filter>소스 파일\1200\270</Filter>
    </ClCompile>
    <ClCompile Include="test1275.c">
      <Filter>소스 파일\1200\270</Filter>
    </ClCompile>
    <ClCompile Include="test1276.c">
      <Filter>소스 파일\1200\270</Filter>
    </ClCompile>
    <ClCompile Include="test1277.c">
      <Filter>소스 파일\1200\270</Filter>
    </ClCompile>
    <ClCompile Include="test1278.c">
      <Filter>소스 파일\1200\270</Filter>
    </ClCompile>
    <ClCompile Include="test1279.c">
      <Filter>소스 파일\1200\270</Filter>
    </ClCompile>
    <ClCompile Include="test1280.c">
      <Filter>소스 파일\1200\280</Filter>
    </ClCompile>
    <ClCompile Include="test1281.c">
      <Filter>소스 파일\1200\280</Filter>
    </ClCompile>
    <ClCompile Include="test1282.c">
      <Filter>소스 파일\1200\280</Filter>
    </ClCompile>
    <ClCompile Include="test1283.c">
      <Filter>소스 파일\1200\280</Filter>
    </ClCompile>
    <ClCompile Include="test1284.c">
      <Filter>소스 파일\1200\280</Filter>
    </ClCompile>
    <ClCompile Include="test1285.c">
      <Filter>소스 파일\1200\280</Filter>
    </ClCompile>
    <ClCompile Include="test1286.c">
      <Filter>소스 파일\1200\280</Filter>
    </ClCompile>
    <ClCompile Include="test1287.c">
      <Filter>소스 파일\1200\280</Filter>
    </ClCompile>
    <ClCompile Include="test1288.c">
      <Filter>소스 파일\1200\280</Filter>
    </ClCompile>
    <ClCompile Include="test1289.c">
      <Filter>소스 파일\1200\280</Filter>
    </ClCompile>
  </ItemGroup>
</Project>