
Microsoft Visual Studio Solution File, Format Version 12.00
# Visual Studio Version 16
VisualStudioVersion = 16.0.33927.289
MinimumVisualStudioVersion = 10.0.40219.1
Project("{8BC9CEB8-8B4A-11D0-8D11-00A0C91BC942}") = "codeup_C", "codeup_C.vcxproj", "{DDB8E41F-40FC-4543-8169-E53ED24B8053}"
EndProject
Global
	GlobalSection(SolutionConfigurationPlatforms) = preSolution
		Debug|x64 = Debug|x64
		Debug|x86 = Debug|x86
		Release|x64 = Release|x64
		Release|x86 = Release|x86
	EndGlobalSection
	GlobalSection(ProjectConfigurationPlatforms) = postSolution
		{DDB8E41F-40FC-4543-8169-E53ED24B8053}.Debug|x64.ActiveCfg = Debug|x64
		{DDB8E41F-40FC-4543-8169-E53ED24B8053}.Debug|x64.Build.0 = Debug|x64
		{DDB8E41F-40FC-4543-8169-E53ED24B8053}.Debug|x86.ActiveCfg = Debug|Win32
		{DDB8E41F-40FC-4543-8169-E53ED24B8053}.Debug|x86.Build.0 = Debug|Win32
		{DDB8E41F-40FC-4543-8169-E53ED24B8053}.Release|x64.ActiveCfg = Release|x64
		{DDB8E41F-40FC-4543-8169-E53ED24B8053}.Release|x64.Build.0 = Release|x64
		{DDB8E41F-40FC-4543-8169-E53ED24B8053}.Release|x86.ActiveCfg = Release|Win32
		{DDB8E41F-40FC-4543-8169-E53ED24B8053}.Release|x86.Build.0 = Release|Win32
	EndGlobalSection
	GlobalSection(SolutionProperties) = preSolution
		HideSolutionNode = FALSE
	EndGlobalSection
	GlobalSection(ExtensibilityGlobals) = postSolution
		SolutionGuid = {C5F165E0-60D6-46E0-BD3D-AE8ED0FACD6D}
	EndGlobalSection
EndGlobal
