<?xml version="1.0" encoding="utf-8"?>
<Project ToolsVersion="4.0" xmlns="http://schemas.microsoft.com/developer/msbuild/2003">
  <ItemGroup>
    <Filter Include="소스 파일">
      <UniqueIdentifier>{4FC737F1-C7A5-4376-A066-2A32D752A2FF}</UniqueIdentifier>
      <Extensions>cpp;c;cc;cxx;c++;cppm;ixx;def;odl;idl;hpj;bat;asm;asmx</Extensions>
    </Filter>
    <Filter Include="헤더 파일">
      <UniqueIdentifier>{93995380-89BD-4b04-88EB-625FBE52EBFB}</UniqueIdentifier>
      <Extensions>h;hh;hpp;hxx;h++;hm;inl;inc;ipp;xsd</Extensions>
    </Filter>
    <Filter Include="리소스 파일">
      <UniqueIdentifier>{67DA6AB6-F800-4c08-8B7A-83BB121AAD01}</UniqueIdentifier>
      <Extensions>rc;ico;cur;bmp;dlg;rc2;rct;bin;rgs;gif;jpg;jpeg;jpe;resx;tiff;tif;png;wav;mfcribbon-ms</Extensions>
    </Filter>
    <Filter Include="소스 파일\1000_basic_test100">
      <UniqueIdentifier>{4dc2f5fc-5181-4410-97d1-82088683cc3b}</UniqueIdentifier>
    </Filter>
    <Filter Include="소스 파일\1000_basic_test100\1.basic_output">
      <UniqueIdentifier>{e22f2ae0-20c1-456e-9636-f133ab2ce6bd}</UniqueIdentifier>
    </Filter>
    <Filter Include="소스 파일\1000_basic_test100\2.basic_input_output">
      <UniqueIdentifier>{5a323455-41b2-459a-8dcf-26506042b7e2}</UniqueIdentifier>
    </Filter>
    <Filter Include="소스 파일\1000_basic_test100\3.basic_data_type">
      <UniqueIdentifier>{80d6e694-8599-4a1c-8683-7f52b18eb75b}</UniqueIdentifier>
    </Filter>
    <Filter Include="소스 파일\1000_basic_test100\4.basic_output_conversion">
      <UniqueIdentifier>{6f2255a6-cbe1-47c3-bf55-c254e768dd50}</UniqueIdentifier>
    </Filter>
    <Filter Include="소스 파일\1000_basic_test100\5.basic_arithmetic_operations">
      <UniqueIdentifier>{fecb2186-2b0f-464e-a42a-bbb0effc8072}</UniqueIdentifier>
    </Filter>
    <Filter Include="소스 파일\1000_basic_test100\6.basic_bit_shift_operations">
      <UniqueIdentifier>{f55cfd78-9ca1-4d5b-a2a8-662e33c91ab2}</UniqueIdentifier>
    </Filter>
    <Filter Include="소스 파일\1000_basic_test100\7.basic_comparison_operations">
      <UniqueIdentifier>{c6b055a1-027e-4758-8d62-d0872bc08bd0}</UniqueIdentifier>
    </Filter>
    <Filter Include="소스 파일\1000_basic_test100\8.basic_logical_operations">
      <UniqueIdentifier>{e72aec78-008d-427f-91a3-1c106d5aaccb}</UniqueIdentifier>
    </Filter>
    <Filter Include="소스 파일\1000_basic_test100\9.basic_bit_level_logical_operations">
      <UniqueIdentifier>{5657065e-6945-46e9-a0cb-8bbdd56fd2fa}</UniqueIdentifier>
    </Filter>
    <Filter Include="소스 파일\1000_basic_test100\10.basic_ternary_operations">
      <UniqueIdentifier>{68bcb8a5-5c0c-4025-b191-456d34df6ef7}</UniqueIdentifier>
    </Filter>
    <Filter Include="소스 파일\1000_basic_test100\11.basic_condition_selection_execution_structure">
      <UniqueIdentifier>{420a5fbe-d3d8-4424-a7b2-f7502a0fba3c}</UniqueIdentifier>
    </Filter>
    <Filter Include="소스 파일\1000_basic_test100\12.basic_repeat_execution_structure">
      <UniqueIdentifier>{9c283e0a-6da4-4542-b5ab-0ca743c3777a}</UniqueIdentifier>
    </Filter>
    <Filter Include="소스 파일\1000_basic_test100\13.basic_synthesis">
      <UniqueIdentifier>{51cfaea1-db58-4b30-b603-9782f00096e5}</UniqueIdentifier>
    </Filter>
    <Filter Include="소스 파일\1000_basic_test100\14.basic_one_dimensional_array">
      <UniqueIdentifier>{47dc7b74-a07d-4db9-b374-d8bdb44848cb}</UniqueIdentifier>
    </Filter>
    <Filter Include="소스 파일\1000_basic_test100\15.basic_two_dimensional_array">
      <UniqueIdentifier>{8bf6632d-bc1b-4e0b-bb7d-2af1eeebdfe7}</UniqueIdentifier>
    </Filter>
    <Filter Include="소스 파일\1100">
      <UniqueIdentifier>{9f6d1f8f-4dac-4999-b8d7-e374cd6fbc51}</UniqueIdentifier>
    </Filter>
    <Filter Include="소스 파일\1100\100">
      <UniqueIdentifier>{d593c959-538e-47b9-b3b7-b596342d6175}</UniqueIdentifier>
    </Filter>
    <Filter Include="소스 파일\1100\110">
      <UniqueIdentifier>{b844452c-04f1-4f32-a6a0-cacf459958f4}</UniqueIdentifier>
    </Filter>
    <Filter Include="소스 파일\1100\120">
      <UniqueIdentifier>{a94c97c3-ec30-4b23-aa93-943cdc3d064b}</UniqueIdentifier>
    </Filter>
    <Filter Include="소스 파일\1100\130">
      <UniqueIdentifier>{1d7267b1-9d1f-4079-9061-177b9d857be1}</UniqueIdentifier>
    </Filter>
    <Filter Include="소스 파일\1100\140">
      <UniqueIdentifier>{52327068-66d2-419f-8ea0-0daa59e388c9}</UniqueIdentifier>
    </Filter>
    <Filter Include="소스 파일\1100\150">
      <UniqueIdentifier>{0b8968df-2d9b-4842-b60f-431483ae38e3}</UniqueIdentifier>
    </Filter>
    <Filter Include="소스 파일\1100\160">
      <UniqueIdentifier>{70b85f54-a9ea-4340-bf4d-6ca014f5d601}</UniqueIdentifier>
    </Filter>
    <Filter Include="소스 파일\1100\170">
      <UniqueIdentifier>{bfa9e2c9-96c7-4eda-b4b4-c6d69c959902}</UniqueIdentifier>
    </Filter>
    <Filter Include="소스 파일\1100\180">
      <UniqueIdentifier>{40808143-86a6-4473-bd6a-7cc7f57e0a29}</UniqueIdentifier>
    </Filter>
    <Filter Include="소스 파일\1200">
      <UniqueIdentifier>{bcc1fcb4-9fc4-4afe-b6f1-69834dc0ea04}</UniqueIdentifier>
    </Filter>
    <Filter Include="소스 파일\1200\200">
      <UniqueIdentifier>{4a4b10e2-6271-4394-99f6-93fc549aee0e}</UniqueIdentifier>
    </Filter>
  </ItemGroup>
  <ItemGroup>
    <ClCompile Include="test01.c">
      <Filter>소스 파일\1000_basic_test100\1.basic_output</Filter>
    </ClCompile>
    <ClCompile Include="test02.c">
      <Filter>소스 파일\1000_basic_test100\1.basic_output</Filter>
    </ClCompile>
    <ClCompile Include="test03.c">
      <Filter>소스 파일\1000_basic_test100\1.basic_output</Filter>
    </ClCompile>
    <ClCompile Include="test04.c">
      <Filter>소스 파일\1000_basic_test100\1.basic_output</Filter>
    </ClCompile>
    <ClCompile Include="test05.c">
      <Filter>소스 파일\1000_basic_test100\1.basic_output</Filter>
    </ClCompile>
    <ClCompile Include="test06.c">
      <Filter>소스 파일\1000_basic_test100\1.basic_output</Filter>
    </ClCompile>
    <ClCompile Include="test07.c">
      <Filter>소스 파일\1000_basic_test100\1.basic_output</Filter>
    </ClCompile>
    <ClCompile Include="test08.c">
      <Filter>소스 파일\1000_basic_test100\1.basic_output</Filter>
    </ClCompile>
    <ClCompile Include="test10.c">
      <Filter>소스 파일\1000_basic_test100\2.basic_input_output</Filter>
    </ClCompile>
    <ClCompile Include="test11.c">
      <Filter>소스 파일\1000_basic_test100\2.basic_input_output</Filter>
    </ClCompile>
    <ClCompile Include="test12.c">
      <Filter>소스 파일\1000_basic_test100\2.basic_input_output</Filter>
    </ClCompile>
    <ClCompile Include="test13.c">
      <Filter>소스 파일\1000_basic_test100\2.basic_input_output</Filter>
    </ClCompile>
    <ClCompile Include="test14.c">
      <Filter>소스 파일\1000_basic_test100\2.basic_input_output</Filter>
    </ClCompile>
    <ClCompile Include="test15.c">
      <Filter>소스 파일\1000_basic_test100\2.basic_input_output</Filter>
    </ClCompile>
    <ClCompile Include="test17.c">
      <Filter>소스 파일\1000_basic_test100\2.basic_input_output</Filter>
    </ClCompile>
    <ClCompile Include="test18.c">
      <Filter>소스 파일\1000_basic_test100\2.basic_input_output</Filter>
    </ClCompile>
    <ClCompile Include="test19.c">
      <Filter>소스 파일\1000_basic_test100\2.basic_input_output</Filter>
    </ClCompile>
    <ClCompile Include="test20.c">
      <Filter>소스 파일\1000_basic_test100\2.basic_input_output</Filter>
    </ClCompile>
    <ClCompile Include="test21.c">
      <Filter>소스 파일\1000_basic_test100\2.basic_input_output</Filter>
    </ClCompile>
    <ClCompile Include="test22.c">
      <Filter>소스 파일\1000_basic_test100\2.basic_input_output</Filter>
    </ClCompile>
    <ClCompile Include="test23.c">
      <Filter>소스 파일\1000_basic_test100\2.basic_input_output</Filter>
    </ClCompile>
    <ClCompile Include="test24.c">
      <Filter>소스 파일\1000_basic_test100\2.basic_input_output</Filter>
    </ClCompile>
    <ClCompile Include="test25.c">
      <Filter>소스 파일\1000_basic_test100\2.basic_input_output</Filter>
    </ClCompile>
    <ClCompile Include="test26.c">
      <Filter>소스 파일\1000_basic_test100\2.basic_input_output</Filter>
    </ClCompile>
    <ClCompile Include="test27.c">
      <Filter>소스 파일\1000_basic_test100\2.basic_input_output</Filter>
    </ClCompile>
    <ClCompile Include="test28.c">
      <Filter>소스 파일\1000_basic_test100\3.basic_data_type</Filter>
    </ClCompile>
    <ClCompile Include="test29.c">
      <Filter>소스 파일\1000_basic_test100\3.basic_data_type</Filter>
    </ClCompile>
    <ClCompile Include="test30.c">
      <Filter>소스 파일\1000_basic_test100\3.basic_data_type</Filter>
    </ClCompile>
    <ClCompile Include="test31.c">
      <Filter>소스 파일\1000_basic_test100\4.basic_output_conversion</Filter>
    </ClCompile>
    <ClCompile Include="test32.c">
      <Filter>소스 파일\1000_basic_test100\4.basic_output_conversion</Filter>
    </ClCompile>
    <ClCompile Include="test33.c">
      <Filter>소스 파일\1000_basic_test100\4.basic_output_conversion</Filter>
    </ClCompile>
    <ClCompile Include="test34.c">
      <Filter>소스 파일\1000_basic_test100\4.basic_output_conversion</Filter>
    </ClCompile>
    <ClCompile Include="test35.c">
      <Filter>소스 파일\1000_basic_test100\4.basic_output_conversion</Filter>
    </ClCompile>
    <ClCompile Include="test36.c">
      <Filter>소스 파일\1000_basic_test100\4.basic_output_conversion</Filter>
    </ClCompile>
    <ClCompile Include="test37.c">
      <Filter>소스 파일\1000_basic_test100\4.basic_output_conversion</Filter>
    </ClCompile>
    <ClCompile Include="test38.c">
      <Filter>소스 파일\1000_basic_test100\5.basic_arithmetic_operations</Filter>
    </ClCompile>
    <ClCompile Include="test39.c">
      <Filter>소스 파일\1000_basic_test100\5.basic_arithmetic_operations</Filter>
    </ClCompile>
    <ClCompile Include="test40.c">
      <Filter>소스 파일\1000_basic_test100\5.basic_arithmetic_operations</Filter>
    </ClCompile>
    <ClCompile Include="test41.c">
      <Filter>소스 파일\1000_basic_test100\5.basic_arithmetic_operations</Filter>
    </ClCompile>
    <ClCompile Include="test42.c">
      <Filter>소스 파일\1000_basic_test100\5.basic_arithmetic_operations</Filter>
    </ClCompile>
    <ClCompile Include="test43.c">
      <Filter>소스 파일\1000_basic_test100\5.basic_arithmetic_operations</Filter>
    </ClCompile>
    <ClCompile Include="test44.c">
      <Filter>소스 파일\1000_basic_test100\5.basic_arithmetic_operations</Filter>
    </ClCompile>
    <ClCompile Include="test45.c">
      <Filter>소스 파일\1000_basic_test100\5.basic_arithmetic_operations</Filter>
    </ClCompile>
    <ClCompile Include="test46.c">
      <Filter>소스 파일\1000_basic_test100\5.basic_arithmetic_operations</Filter>
    </ClCompile>
    <ClCompile Include="test47.c">
      <Filter>소스 파일\1000_basic_test100\6.basic_bit_shift_operations</Filter>
    </ClCompile>
    <ClCompile Include="test48.c">
      <Filter>소스 파일\1000_basic_test100\6.basic_bit_shift_operations</Filter>
    </ClCompile>
    <ClCompile Include="test49.c">
      <Filter>소스 파일\1000_basic_test100\7.basic_comparison_operations</Filter>
    </ClCompile>
    <ClCompile Include="test50.c">
      <Filter>소스 파일\1000_basic_test100\7.basic_comparison_operations</Filter>
    </ClCompile>
    <ClCompile Include="test51.c">
      <Filter>소스 파일\1000_basic_test100\7.basic_comparison_operations</Filter>
    </ClCompile>
    <ClCompile Include="test52.c">
      <Filter>소스 파일\1000_basic_test100\7.basic_comparison_operations</Filter>
    </ClCompile>
    <ClCompile Include="test53.c">
      <Filter>소스 파일\1000_basic_test100\8.basic_logical_operations</Filter>
    </ClCompile>
    <ClCompile Include="test54.c">
      <Filter>소스 파일\1000_basic_test100\8.basic_logical_operations</Filter>
    </ClCompile>
    <ClCompile Include="test55.c">
      <Filter>소스 파일\1000_basic_test100\8.basic_logical_operations</Filter>
    </ClCompile>
    <ClCompile Include="test56.c">
      <Filter>소스 파일\1000_basic_test100\8.basic_logical_operations</Filter>
    </ClCompile>
    <ClCompile Include="test57.c">
      <Filter>소스 파일\1000_basic_test100\8.basic_logical_operations</Filter>
    </ClCompile>
    <ClCompile Include="test58.c">
      <Filter>소스 파일\1000_basic_test100\8.basic_logical_operations</Filter>
    </ClCompile>
    <ClCompile Include="test59.c">
      <Filter>소스 파일\1000_basic_test100\9.basic_bit_level_logical_operations</Filter>
    </ClCompile>
    <ClCompile Include="test60.c">
      <Filter>소스 파일\1000_basic_test100\9.basic_bit_level_logical_operations</Filter>
    </ClCompile>
    <ClCompile Include="test61.c">
      <Filter>소스 파일\1000_basic_test100\9.basic_bit_level_logical_operations</Filter>
    </ClCompile>
    <ClCompile Include="test62.c">
      <Filter>소스 파일\1000_basic_test100\9.basic_bit_level_logical_operations</Filter>
    </ClCompile>
    <ClCompile Include="test63.c">
      <Filter>소스 파일\1000_basic_test100\10.basic_ternary_operations</Filter>
    </ClCompile>
    <ClCompile Include="test64.c">
      <Filter>소스 파일\1000_basic_test100\10.basic_ternary_operations</Filter>
    </ClCompile>
    <ClCompile Include="test65.c">
      <Filter>소스 파일\1000_basic_test100\11.basic_condition_selection_execution_structure</Filter>
    </ClCompile>
    <ClCompile Include="test66.c">
      <Filter>소스 파일\1000_basic_test100\11.basic_condition_selection_execution_structure</Filter>
    </ClCompile>
    <ClCompile Include="test67.c">
      <Filter>소스 파일\1000_basic_test100\11.basic_condition_selection_execution_structure</Filter>
    </ClCompile>
    <ClCompile Include="test68.c">
      <Filter>소스 파일\1000_basic_test100\11.basic_condition_selection_execution_structure</Filter>
    </ClCompile>
    <ClCompile Include="test69.c">
      <Filter>소스 파일\1000_basic_test100\11.basic_condition_selection_execution_structure</Filter>
    </ClCompile>
    <ClCompile Include="test70.c">
      <Filter>소스 파일\1000_basic_test100\11.basic_condition_selection_execution_structure</Filter>
    </ClCompile>
    <ClCompile Include="test71.c">
      <Filter>소스 파일\1000_basic_test100\12.basic_repeat_execution_structure</Filter>
    </ClCompile>
    <ClCompile Include="test72.c">
      <Filter>소스 파일\1000_basic_test100\12.basic_repeat_execution_structure</Filter>
    </ClCompile>
    <ClCompile Include="test73.c">
      <Filter>소스 파일\1000_basic_test100\12.basic_repeat_execution_structure</Filter>
    </ClCompile>
    <ClCompile Include="test74.c">
      <Filter>소스 파일\1000_basic_test100\12.basic_repeat_execution_structure</Filter>
    </ClCompile>
    <ClCompile Include="test75.c">
      <Filter>소스 파일\1000_basic_test100\12.basic_repeat_execution_structure</Filter>
    </ClCompile>
    <ClCompile Include="test76.c">
      <Filter>소스 파일\1000_basic_test100\12.basic_repeat_execution_structure</Filter>
    </ClCompile>
    <ClCompile Include="test77.c">
      <Filter>소스 파일\1000_basic_test100\12.basic_repeat_execution_structure</Filter>
    </ClCompile>
    <ClCompile Include="test78.c">
      <Filter>소스 파일\1000_basic_test100\13.basic_synthesis</Filter>
    </ClCompile>
    <ClCompile Include="test79.c">
      <Filter>소스 파일\1000_basic_test100\13.basic_synthesis</Filter>
    </ClCompile>
    <ClCompile Include="test80.c">
      <Filter>소스 파일\1000_basic_test100\13.basic_synthesis</Filter>
    </ClCompile>
    <ClCompile Include="test81.c">
      <Filter>소스 파일\1000_basic_test100\13.basic_synthesis</Filter>
    </ClCompile>
    <ClCompile Include="test82.c">
      <Filter>소스 파일\1000_basic_test100\13.basic_synthesis</Filter>
    </ClCompile>
    <ClCompile Include="test83.c">
      <Filter>소스 파일\1000_basic_test100\13.basic_synthesis</Filter>
    </ClCompile>
    <ClCompile Include="test84.c">
      <Filter>소스 파일\1000_basic_test100\13.basic_synthesis</Filter>
    </ClCompile>
    <ClCompile Include="test85.c">
      <Filter>소스 파일\1000_basic_test100\13.basic_synthesis</Filter>
    </ClCompile>
    <ClCompile Include="test86.c">
      <Filter>소스 파일\1000_basic_test100\13.basic_synthesis</Filter>
    </ClCompile>
    <ClCompile Include="test87.c">
      <Filter>소스 파일\1000_basic_test100\13.basic_synthesis</Filter>
    </ClCompile>
    <ClCompile Include="test88.c">
      <Filter>소스 파일\1000_basic_test100\13.basic_synthesis</Filter>
    </ClCompile>
    <ClCompile Include="test89.c">
      <Filter>소스 파일\1000_basic_test100\13.basic_synthesis</Filter>
    </ClCompile>
    <ClCompile Include="test90.c">
      <Filter>소스 파일\1000_basic_test100\13.basic_synthesis</Filter>
    </ClCompile>
    <ClCompile Include="test91.c">
      <Filter>소스 파일\1000_basic_test100\13.basic_synthesis</Filter>
    </ClCompile>
    <ClCompile Include="test92.c">
      <Filter>소스 파일\1000_basic_test100\13.basic_synthesis</Filter>
    </ClCompile>
    <ClCompile Include="test93.c">
      <Filter>소스 파일\1000_basic_test100\14.basic_one_dimensional_array</Filter>
    </ClCompile>
    <ClCompile Include="test94.c">
      <Filter>소스 파일\1000_basic_test100\14.basic_one_dimensional_array</Filter>
    </ClCompile>
    <ClCompile Include="test95.c">
      <Filter>소스 파일\1000_basic_test100\14.basic_one_dimensional_array</Filter>
    </ClCompile>
    <ClCompile Include="test96.c">
      <Filter>소스 파일\1000_basic_test100\15.basic_two_dimensional_array</Filter>
    </ClCompile>
    <ClCompile Include="test97.c">
      <Filter>소스 파일\1000_basic_test100\15.basic_two_dimensional_array</Filter>
    </ClCompile>
    <ClCompile Include="test98.c">
      <Filter>소스 파일\1000_basic_test100\15.basic_two_dimensional_array</Filter>
    </ClCompile>
    <ClCompile Include="test99.c">
      <Filter>소스 파일\1000_basic_test100\15.basic_two_dimensional_array</Filter>
    </ClCompile>
    <ClCompile Include="test101.c">
      <Filter>소스 파일\1100\100</Filter>
    </ClCompile>
    <ClCompile Include="test102.c">
      <Filter>소스 파일\1100\100</Filter>
    </ClCompile>
    <ClCompile Include="test103.c">
      <Filter>소스 파일\1100\100</Filter>
    </ClCompile>
    <ClCompile Include="test106.c">
      <Filter>소스 파일\1100\100</Filter>
    </ClCompile>
    <ClCompile Include="test107.c">
      <Filter>소스 파일\1100\100</Filter>
    </ClCompile>
    <ClCompile Include="test108.c">
      <Filter>소스 파일\1100\100</Filter>
    </ClCompile>
    <ClCompile Include="test109.c">
      <Filter>소스 파일\1100\100</Filter>
    </ClCompile>
    <ClCompile Include="test110.c">
      <Filter>소스 파일\1100\110</Filter>
    </ClCompile>
    <ClCompile Include="test111.c">
      <Filter>소스 파일\1100\110</Filter>
    </ClCompile>
    <ClCompile Include="test112.c">
      <Filter>소스 파일\1100\110</Filter>
    </ClCompile>
    <ClCompile Include="test113.c">
      <Filter>소스 파일\1100\110</Filter>
    </ClCompile>
    <ClCompile Include="test114.c">
      <Filter>소스 파일\1100\110</Filter>
    </ClCompile>
    <ClCompile Include="test115.c">
      <Filter>소스 파일\1100\110</Filter>
    </ClCompile>
    <ClCompile Include="test116.c">
      <Filter>소스 파일\1100\110</Filter>
    </ClCompile>
    <ClCompile Include="test117.c">
      <Filter>소스 파일\1100\110</Filter>
    </ClCompile>
    <ClCompile Include="test118.c">
      <Filter>소스 파일\1100\110</Filter>
    </ClCompile>
    <ClCompile Include="test119.c">
      <Filter>소스 파일\1100\110</Filter>
    </ClCompile>
    <ClCompile Include="test120.c">
      <Filter>소스 파일\1100\120</Filter>
    </ClCompile>
    <ClCompile Include="test121.c">
      <Filter>소스 파일\1100\120</Filter>
    </ClCompile>
    <ClCompile Include="test122.c">
      <Filter>소스 파일\1100\120</Filter>
    </ClCompile>
    <ClCompile Include="test123.c">
      <Filter>소스 파일\1100\120</Filter>
    </ClCompile>
    <ClCompile Include="test124.c">
      <Filter>소스 파일\1100\120</Filter>
    </ClCompile>
    <ClCompile Include="test125.c">
      <Filter>소스 파일\1100\120</Filter>
    </ClCompile>
    <ClCompile Include="test126.c">
      <Filter>소스 파일\1100\120</Filter>
    </ClCompile>
    <ClCompile Include="test127.c">
      <Filter>소스 파일\1100\120</Filter>
    </ClCompile>
    <ClCompile Include="test128.c">
      <Filter>소스 파일\1100\120</Filter>
    </ClCompile>
    <ClCompile Include="test131.c">
      <Filter>소스 파일\1100\130</Filter>
    </ClCompile>
    <ClCompile Include="test132.c">
      <Filter>소스 파일\1100\130</Filter>
    </ClCompile>
    <ClCompile Include="test133.c">
      <Filter>소스 파일\1100\130</Filter>
    </ClCompile>
    <ClCompile Include="test135.c">
      <Filter>소스 파일\1100\130</Filter>
    </ClCompile>
    <ClCompile Include="test136.c">
      <Filter>소스 파일\1100\130</Filter>
    </ClCompile>
    <ClCompile Include="test137.c">
      <Filter>소스 파일\1100\130</Filter>
    </ClCompile>
    <ClCompile Include="test138.c">
      <Filter>소스 파일\1100\130</Filter>
    </ClCompile>
    <ClCompile Include="test139.c">
      <Filter>소스 파일\1100\130</Filter>
    </ClCompile>
    <ClCompile Include="test140.c">
      <Filter>소스 파일\1100\140</Filter>
    </ClCompile>
    <ClCompile Include="test143.c">
      <Filter>소스 파일\1100\140</Filter>
    </ClCompile>
    <ClCompile Include="test144.c">
      <Filter>소스 파일\1100\140</Filter>
    </ClCompile>
    <ClCompile Include="test147.c">
      <Filter>소스 파일\1100\140</Filter>
    </ClCompile>
    <ClCompile Include="test148.c">
      <Filter>소스 파일\1100\140</Filter>
    </ClCompile>
    <ClCompile Include="test149.c">
      <Filter>소스 파일\1100\140</Filter>
    </ClCompile>
    <ClCompile Include="test150.c">
      <Filter>소스 파일\1100\150</Filter>
    </ClCompile>
    <ClCompile Include="test151.c">
      <Filter>소스 파일\1100\150</Filter>
    </ClCompile>
    <ClCompile Include="test152.c">
      <Filter>소스 파일\1100\150</Filter>
    </ClCompile>
    <ClCompile Include="test153.c">
      <Filter>소스 파일\1100\150</Filter>
    </ClCompile>
    <ClCompile Include="test154.c">
      <Filter>소스 파일\1100\150</Filter>
    </ClCompile>
    <ClCompile Include="test155.c">
      <Filter>소스 파일\1100\150</Filter>
    </ClCompile>
    <ClCompile Include="test156.c">
      <Filter>소스 파일\1100\150</Filter>
    </ClCompile>
    <ClCompile Include="test157.c">
      <Filter>소스 파일\1100\150</Filter>
    </ClCompile>
    <ClCompile Include="test158.c">
      <Filter>소스 파일\1100\150</Filter>
    </ClCompile>
    <ClCompile Include="test159.c">
      <Filter>소스 파일\1100\150</Filter>
    </ClCompile>
    <ClCompile Include="test160.c">
      <Filter>소스 파일\1100\160</Filter>
    </ClCompile>
    <ClCompile Include="test161.c">
      <Filter>소스 파일\1100\160</Filter>
    </ClCompile>
    <ClCompile Include="test162.c">
      <Filter>소스 파일\1100\160</Filter>
    </ClCompile>
    <ClCompile Include="test163.c">
      <Filter>소스 파일\1100\160</Filter>
    </ClCompile>
    <ClCompile Include="test164.c">
      <Filter>소스 파일\1100\160</Filter>
    </ClCompile>
    <ClCompile Include="test165.c">
      <Filter>소스 파일\1100\160</Filter>
    </ClCompile>
    <ClCompile Include="test166.c">
      <Filter>소스 파일\1100\160</Filter>
    </ClCompile>
    <ClCompile Include="test167.c">
      <Filter>소스 파일\1100\160</Filter>
    </ClCompile>
    <ClCompile Include="test168.c">
      <Filter>소스 파일\1100\160</Filter>
    </ClCompile>
    <ClCompile Include="test169.c">
      <Filter>소스 파일\1100\160</Filter>
    </ClCompile>
    <ClCompile Include="test170.c">
      <Filter>소스 파일\1100\170</Filter>
    </ClCompile>
    <ClCompile Include="test171.c">
      <Filter>소스 파일\1100\170</Filter>
    </ClCompile>
    <ClCompile Include="test172.c">
      <Filter>소스 파일\1100\170</Filter>
    </ClCompile>
    <ClCompile Include="test173.c">
      <Filter>소스 파일\1100\170</Filter>
    </ClCompile>
    <ClCompile Include="test174.c">
      <Filter>소스 파일\1100\170</Filter>
    </ClCompile>
    <ClCompile Include="test180.c">
      <Filter>소스 파일\1100\180</Filter>
    </ClCompile>
    <ClCompile Include="test201.c">
      <Filter>소스 파일\1200\200</Filter>
    </ClCompile>
    <ClCompile Include="test202.c">
      <Filter>소스 파일\1200\200</Filter>
    </ClCompile>
    <ClCompile Include="test203.c">
      <Filter>소스 파일\1200\200</Filter>
    </ClCompile>
  </ItemGroup>
</Project>